<?xml version="1.0" encoding="utf-8"?>
<Project ToolsVersion="4.0" xmlns="http://schemas.microsoft.com/developer/msbuild/2003">
  <ItemGroup>
    <Filter Include="Source Files">
      <UniqueIdentifier>{4FC737F1-C7A5-4376-A066-2A32D752A2FF}</UniqueIdentifier>
      <Extensions>cpp;c;cc;cxx;def;odl;idl;hpj;bat;asm;asmx</Extensions>
    </Filter>
    <Filter Include="Header Files">
      <UniqueIdentifier>{93995380-89BD-4b04-88EB-625FBE52EBFB}</UniqueIdentifier>
      <Extensions>h;hpp;hxx;hm;inl;inc;xsd</Extensions>
    </Filter>
    <Filter Include="Resource Files">
      <UniqueIdentifier>{67DA6AB6-F800-4c08-8B7A-83BB121AAD01}</UniqueIdentifier>
      <Extensions>rc;ico;cur;bmp;dlg;rc2;rct;bin;rgs;gif;jpg;jpeg;jpe;resx;tiff;tif;png;wav;mfcribbon-ms</Extensions>
    </Filter>
  </ItemGroup>
  <ItemGroup>
    <ClCompile Include="main.cpp">
      <Filter>Source Files</Filter>
    </ClCompile>
    <ClCompile Include="flag.cpp">
      <Filter>Source Files</Filter>
    </ClCompile>
    <ClCompile Include="try.cpp">
      <Filter>Source Files</Filter>
    </ClCompile>
    <ClCompile Include="plane.cpp">
      <Filter>Source Files</Filter>
    </ClCompile>
    <ClCompile Include="dda.cpp">
      <Filter>Source Files</Filter>
    </ClCompile>
    <ClCompile Include="bresen.cpp">
      <Filter>Source Files</Filter>
    </ClCompile>
    <ClCompile Include="plane2.cpp">
      <Filter>Source Files</Filter>
    </ClCompile>
    <ClCompile Include="bresen1.cpp">
      <Filter>Source Files</Filter>
    </ClCompile>
    <ClCompile Include="circle1.cpp">
      <Filter>Source Files</Filter>
    </ClCompile>
    <ClCompile Include="arc.cpp">
      <Filter>Source Files</Filter>
    </ClCompile>
    <ClCompile Include="arc1.cpp">
      <Filter>Source Files</Filter>
    </ClCompile>
    <ClCompile Include="translate.cpp">
      <Filter>Source Files</Filter>
    </ClCompile>
    <ClCompile Include="newrotate.cpp">
      <Filter>Source Files</Filter>
    </ClCompile>
    <ClCompile Include="reflection.cpp">
      <Filter>Source Files</Filter>
    </ClCompile>
    <ClCompile Include="twist.cpp">
      <Filter>Source Files</Filter>
    </ClCompile>
    <ClCompile Include="twist_with_circle.cpp">
      <Filter>Source Files</Filter>
    </ClCompile>
    <ClCompile Include="planecurve.cpp">
      <Filter>Source Files</Filter>
    </ClCompile>
    <ClCompile Include="spacecurve.cpp">
      <Filter>Source Files</Filter>
    </ClCompile>
    <ClCompile Include="plane_blending.cpp">
      <Filter>Source Files</Filter>
    </ClCompile>
    <ClCompile Include="space_blending.cpp">
      <Filter>Source Files</Filter>
    </ClCompile>
    <ClCompile Include="hermite_curve.cpp">
      <Filter>Source Files</Filter>
    </ClCompile>
    <ClCompile Include="hermit_blending.cpp">
      <Filter>Source Files</Filter>
    </ClCompile>
    <ClCompile Include="beizer_curve.cpp">
      <Filter>Source Files</Filter>
    </ClCompile>
    <ClCompile Include="beizer_cubic.cpp">
      <Filter>Source Files</Filter>
    </ClCompile>
    <ClCompile Include="beizer_turnel.cpp">
      <Filter>Source Files</Filter>
    </ClCompile>
    <ClCompile Include="hermite_kernel.cpp">
      <Filter>Source Files</Filter>
    </ClCompile>
    <ClCompile Include="indianflag_beizer.cpp">
      <Filter>Source Files</Filter>
    </ClCompile>
    <ClCompile Include="faster_beizer.cpp">
      <Filter>Source Files</Filter>
    </ClCompile>
    <ClCompile Include="beizer_mousecontrol.cpp">
      <Filter>Source Files</Filter>
    </ClCompile>
  </ItemGroup>
</Project>